// !$*UTF8*$!
{
	archiveVersion = 1;
	classes = {
	};
	objectVersion = 50;
	objects = {

/* Begin PBXBuildFile section */
		7ADFAF6F21E7CFD0004D5F97 /* AppDelegate.swift in Sources */ = {isa = PBXBuildFile; fileRef = 7ADFAF6E21E7CFD0004D5F97 /* AppDelegate.swift */; };
		7ADFAF7121E7CFD0004D5F97 /* ViewController.swift in Sources */ = {isa = PBXBuildFile; fileRef = 7ADFAF7021E7CFD0004D5F97 /* ViewController.swift */; };
		7ADFAF7421E7CFD0004D5F97 /* Main.storyboard in Resources */ = {isa = PBXBuildFile; fileRef = 7ADFAF7221E7CFD0004D5F97 /* Main.storyboard */; };
		7ADFAF7621E7CFD5004D5F97 /* Assets.xcassets in Resources */ = {isa = PBXBuildFile; fileRef = 7ADFAF7521E7CFD5004D5F97 /* Assets.xcassets */; };
		7ADFAF7921E7CFD5004D5F97 /* LaunchScreen.storyboard in Resources */ = {isa = PBXBuildFile; fileRef = 7ADFAF7721E7CFD5004D5F97 /* LaunchScreen.storyboard */; };
/* End PBXBuildFile section */

/* Begin PBXFileReference section */
		7ADFAF6B21E7CFD0004D5F97 /* GlobalImpact.app */ = {isa = PBXFileReference; explicitFileType = wrapper.application; includeInIndex = 0; path = GlobalImpact.app; sourceTree = BUILT_PRODUCTS_DIR; };
		7ADFAF6E21E7CFD0004D5F97 /* AppDelegate.swift */ = {isa = PBXFileReference; lastKnownFileType = sourcecode.swift; path = AppDelegate.swift; sourceTree = "<group>"; };
		7ADFAF7021E7CFD0004D5F97 /* ViewController.swift */ = {isa = PBXFileReference; lastKnownFileType = sourcecode.swift; path = ViewController.swift; sourceTree = "<group>"; };
		7ADFAF7321E7CFD0004D5F97 /* Base */ = {isa = PBXFileReference; lastKnownFileType = file.storyboard; name = Base; path = Base.lproj/Main.storyboard; sourceTree = "<group>"; };
		7ADFAF7521E7CFD5004D5F97 /* Assets.xcassets */ = {isa = PBXFileReference; lastKnownFileType = folder.assetcatalog; path = Assets.xcassets; sourceTree = "<group>"; };
		7ADFAF7821E7CFD5004D5F97 /* Base */ = {isa = PBXFileReference; lastKnownFileType = file.storyboard; name = Base; path = Base.lproj/LaunchScreen.storyboard; sourceTree = "<group>"; };
		7ADFAF7A21E7CFD5004D5F97 /* Info.plist */ = {isa = PBXFileReference; lastKnownFileType = text.plist.xml; path = Info.plist; sourceTree = "<group>"; };
/* End PBXFileReference section */

/* Begin PBXFrameworksBuildPhase section */
		7ADFAF6821E7CFD0004D5F97 /* Frameworks */ = {
			isa = PBXFrameworksBuildPhase;
			buildActionMask = 2147483647;
			files = (
			);
			runOnlyForDeploymentPostprocessing = 0;
		};
/* End PBXFrameworksBuildPhase section */

/* Begin PBXGroup section */
		7ADFAF6221E7CFD0004D5F97 = {
			isa = PBXGroup;
			children = (
				7ADFAF6D21E7CFD0004D5F97 /* GlobalImpact */,
				7ADFAF6C21E7CFD0004D5F97 /* Products */,
			);
			sourceTree = "<group>";
		};
		7ADFAF6C21E7CFD0004D5F97 /* Products */ = {
			isa = PBXGroup;
			children = (
				7ADFAF6B21E7CFD0004D5F97 /* GlobalImpact.app */,
			);
			name = Products;
			sourceTree = "<group>";
		};
		7ADFAF6D21E7CFD0004D5F97 /* GlobalImpact */ = {
			isa = PBXGroup;
			children = (
				7ADFAF8021E7D00B004D5F97 /* Resources */,
				7ADFAF8121E7D016004D5F97 /* Controller */,
				7ADFAF8221E7D02D004D5F97 /* View */,
			);
			path = GlobalImpact;
			sourceTree = "<group>";
		};
		7ADFAF8021E7D00B004D5F97 /* Resources */ = {
			isa = PBXGroup;
			children = (
				7ADFAF6E21E7CFD0004D5F97 /* AppDelegate.swift */,
				7ADFAF7521E7CFD5004D5F97 /* Assets.xcassets */,
				7ADFAF7A21E7CFD5004D5F97 /* Info.plist */,
			);
			path = Resources;
			sourceTree = "<group>";
		};
		7ADFAF8121E7D016004D5F97 /* Controller */ = {
			isa = PBXGroup;
			children = (
				7ADFAF7021E7CFD0004D5F97 /* ViewController.swift */,
			);
			path = Controller;
			sourceTree = "<group>";
		};
		7ADFAF8221E7D02D004D5F97 /* View */ = {
			isa = PBXGroup;
			children = (
				7ADFAF7221E7CFD0004D5F97 /* Main.storyboard */,
				7ADFAF7721E7CFD5004D5F97 /* LaunchScreen.storyboard */,
			);
			path = View;
			sourceTree = "<group>";
		};
/* End PBXGroup section */

/* Begin PBXNativeTarget section */
		7ADFAF6A21E7CFD0004D5F97 /* GlobalImpact */ = {
			isa = PBXNativeTarget;
			buildConfigurationList = 7ADFAF7D21E7CFD5004D5F97 /* Build configuration list for PBXNativeTarget "GlobalImpact" */;
			buildPhases = (
				7ADFAF6721E7CFD0004D5F97 /* Sources */,
				7ADFAF6821E7CFD0004D5F97 /* Frameworks */,
				7ADFAF6921E7CFD0004D5F97 /* Resources */,
			);
			buildRules = (
			);
			dependencies = (
			);
			name = GlobalImpact;
			productName = GlobalImpact;
			productReference = 7ADFAF6B21E7CFD0004D5F97 /* GlobalImpact.app */;
			productType = "com.apple.product-type.application";
		};
/* End PBXNativeTarget section */

/* Begin PBXProject section */
		7ADFAF6321E7CFD0004D5F97 /* Project object */ = {
			isa = PBXProject;
			attributes = {
				LastSwiftUpdateCheck = 1010;
				LastUpgradeCheck = 1010;
				ORGANIZATIONNAME = CTEC;
				TargetAttributes = {
					7ADFAF6A21E7CFD0004D5F97 = {
						CreatedOnToolsVersion = 10.1;
					};
				};
			};
			buildConfigurationList = 7ADFAF6621E7CFD0004D5F97 /* Build configuration list for PBXProject "GlobalImpact" */;
			compatibilityVersion = "Xcode 9.3";
			developmentRegion = en;
			hasScannedForEncodings = 0;
			knownRegions = (
				en,
				Base,
			);
			mainGroup = 7ADFAF6221E7CFD0004D5F97;
			productRefGroup = 7ADFAF6C21E7CFD0004D5F97 /* Products */;
			projectDirPath = "";
			projectRoot = "";
			targets = (
				7ADFAF6A21E7CFD0004D5F97 /* GlobalImpact */,
			);
		};
/* End PBXProject section */

/* Begin PBXResourcesBuildPhase section */
		7ADFAF6921E7CFD0004D5F97 /* Resources */ = {
			isa = PBXResourcesBuildPhase;
			buildActionMask = 2147483647;
			files = (
				7ADFAF7921E7CFD5004D5F97 /* LaunchScreen.storyboard in Resources */,
				7ADFAF7621E7CFD5004D5F97 /* Assets.xcassets in Resources */,
				7ADFAF7421E7CFD0004D5F97 /* Main.storyboard in Resources */,
			);
			runOnlyForDeploymentPostprocessing = 0;
		};
/* End PBXResourcesBuildPhase section */

/* Begin PBXSourcesBuildPhase section */
		7ADFAF6721E7CFD0004D5F97 /* Sources */ = {
			isa = PBXSourcesBuildPhase;
			buildActionMask = 2147483647;
			files = (
				7ADFAF7121E7CFD0004D5F97 /* ViewController.swift in Sources */,
				7ADFAF6F21E7CFD0004D5F97 /* AppDelegate.swift in Sources */,
			);
			runOnlyForDeploymentPostprocessing = 0;
		};
/* End PBXSourcesBuildPhase section */

/* Begin PBXVariantGroup section */
		7ADFAF7221E7CFD0004D5F97 /* Main.storyboard */ = {
			isa = PBXVariantGroup;
			children = (
				7ADFAF7321E7CFD0004D5F97 /* Base */,
			);
			name = Main.storyboard;
			sourceTree = "<group>";
		};
		7ADFAF7721E7CFD5004D5F97 /* LaunchScreen.storyboard */ = {
			isa = PBXVariantGroup;
			children = (
				7ADFAF7821E7CFD5004D5F97 /* Base */,
			);
			name = LaunchScreen.storyboard;
			sourceTree = "<group>";
		};
/* End PBXVariantGroup section */

/* Begin XCBuildConfiguration section */
		7ADFAF7B21E7CFD5004D5F97 /* Debug */ = {
			isa = XCBuildConfiguration;
			buildSettings = {
				ALWAYS_SEARCH_USER_PATHS = NO;
				CLANG_ANALYZER_NONNULL = YES;
				CLANG_ANALYZER_NUMBER_OBJECT_CONVERSION = YES_AGGRESSIVE;
				CLANG_CXX_LANGUAGE_STANDARD = "gnu++14";
				CLANG_CXX_LIBRARY = "libc++";
				CLANG_ENABLE_MODULES = YES;
				CLANG_ENABLE_OBJC_ARC = YES;
				CLANG_ENABLE_OBJC_WEAK = YES;
				CLANG_WARN_BLOCK_CAPTURE_AUTORELEASING = YES;
				CLANG_WARN_BOOL_CONVERSION = YES;
				CLANG_WARN_COMMA = YES;
				CLANG_WARN_CONSTANT_CONVERSION = YES;
				CLANG_WARN_DEPRECATED_OBJC_IMPLEMENTATIONS = YES;
				CLANG_WARN_DIRECT_OBJC_ISA_USAGE = YES_ERROR;
				CLANG_WARN_DOCUMENTATION_COMMENTS = YES;
				CLANG_WARN_EMPTY_BODY = YES;
				CLANG_WARN_ENUM_CONVERSION = YES;
				CLANG_WARN_INFINITE_RECURSION = YES;
				CLANG_WARN_INT_CONVERSION = YES;
				CLANG_WARN_NON_LITERAL_NULL_CONVERSION = YES;
				CLANG_WARN_OBJC_IMPLICIT_RETAIN_SELF = YES;
				CLANG_WARN_OBJC_LITERAL_CONVERSION = YES;
				CLANG_WARN_OBJC_ROOT_CLASS = YES_ERROR;
				CLANG_WARN_RANGE_LOOP_ANALYSIS = YES;
				CLANG_WARN_STRICT_PROTOTYPES = YES;
				CLANG_WARN_SUSPICIOUS_MOVE = YES;
				CLANG_WARN_UNGUARDED_AVAILABILITY = YES_AGGRESSIVE;
				CLANG_WARN_UNREACHABLE_CODE = YES;
				CLANG_WARN__DUPLICATE_METHOD_MATCH = YES;
				CODE_SIGN_IDENTITY = "iPhone Developer";
				COPY_PHASE_STRIP = NO;
				DEBUG_INFORMATION_FORMAT = dwarf;
				ENABLE_STRICT_OBJC_MSGSEND = YES;
				ENABLE_TESTABILITY = YES;
				GCC_C_LANGUAGE_STANDARD = gnu11;
				GCC_DYNAMIC_NO_PIC = NO;
				GCC_NO_COMMON_BLOCKS = YES;
				GCC_OPTIMIZATION_LEVEL = 0;
				GCC_PREPROCESSOR_DEFINITIONS = (
					"DEBUG=1",
					"$(inherited)",
				);
				GCC_WARN_64_TO_32_BIT_CONVERSION = YES;
				GCC_WARN_ABOUT_RETURN_TYPE = YES_ERROR;
				GCC_WARN_UNDECLARED_SELECTOR = YES;
				GCC_WARN_UNINITIALIZED_AUTOS = YES_AGGRESSIVE;
				GCC_WARN_UNUSED_FUNCTION = YES;
				GCC_WARN_UNUSED_VARIABLE = YES;
				IPHONEOS_DEPLOYMENT_TARGET = 12.1;
				MTL_ENABLE_DEBUG_INFO = INCLUDE_SOURCE;
				MTL_FAST_MATH = YES;
				ONLY_ACTIVE_ARCH = YES;
				SDKROOT = iphoneos;
				SWIFT_ACTIVE_COMPILATION_CONDITIONS = DEBUG;
				SWIFT_OPTIMIZATION_LEVEL = "-Onone";
			};
			name = Debug;
		};
		7ADFAF7C21E7CFD5004D5F97 /* Release */ = {
			isa = XCBuildConfiguration;
			buildSettings = {
				ALWAYS_SEARCH_USER_PATHS = NO;
				CLANG_ANALYZER_NONNULL = YES;
				CLANG_ANALYZER_NUMBER_OBJECT_CONVERSION = YES_AGGRESSIVE;
				CLANG_CXX_LANGUAGE_STANDARD = "gnu++14";
				CLANG_CXX_LIBRARY = "libc++";
				CLANG_ENABLE_MODULES = YES;
				CLANG_ENABLE_OBJC_ARC = YES;
				CLANG_ENABLE_OBJC_WEAK = YES;
				CLANG_WARN_BLOCK_CAPTURE_AUTORELEASING = YES;
				CLANG_WARN_BOOL_CONVERSION = YES;
				CLANG_WARN_COMMA = YES;
				CLANG_WARN_CONSTANT_CONVERSION = YES;
				CLANG_WARN_DEPRECATED_OBJC_IMPLEMENTATIONS = YES;
				CLANG_WARN_DIRECT_OBJC_ISA_USAGE = YES_ERROR;
				CLANG_WARN_DOCUMENTATION_COMMENTS = YES;
				CLANG_WARN_EMPTY_BODY = YES;
				CLANG_WARN_ENUM_CONVERSION = YES;
				CLANG_WARN_INFINITE_RECURSION = YES;
				CLANG_WARN_INT_CONVERSION = YES;
				CLANG_WARN_NON_LITERAL_NULL_CONVERSION = YES;
				CLANG_WARN_OBJC_IMPLICIT_RETAIN_SELF = YES;
				CLANG_WARN_OBJC_LITERAL_CONVERSION = YES;
				CLANG_WARN_OBJC_ROOT_CLASS = YES_ERROR;
				CLANG_WARN_RANGE_LOOP_ANALYSIS = YES;
				CLANG_WARN_STRICT_PROTOTYPES = YES;
				CLANG_WARN_SUSPICIOUS_MOVE = YES;
				CLANG_WARN_UNGUARDED_AVAILABILITY = YES_AGGRESSIVE;
				CLANG_WARN_UNREACHABLE_CODE = YES;
				CLANG_WARN__DUPLICATE_METHOD_MATCH = YES;
				CODE_SIGN_IDENTITY = "iPhone Developer";
				COPY_PHASE_STRIP = NO;
				DEBUG_INFORMATION_FORMAT = "dwarf-with-dsym";
				ENABLE_NS_ASSERTIONS = NO;
				ENABLE_STRICT_OBJC_MSGSEND = YES;
				GCC_C_LANGUAGE_STANDARD = gnu11;
				GCC_NO_COMMON_BLOCKS = YES;
				GCC_WARN_64_TO_32_BIT_CONVERSION = YES;
				GCC_WARN_ABOUT_RETURN_TYPE = YES_ERROR;
				GCC_WARN_UNDECLARED_SELECTOR = YES;
				GCC_WARN_UNINITIALIZED_AUTOS = YES_AGGRESSIVE;
				GCC_WARN_UNUSED_FUNCTION = YES;
				GCC_WARN_UNUSED_VARIABLE = YES;
				IPHONEOS_DEPLOYMENT_TARGET = 12.1;
				MTL_ENABLE_DEBUG_INFO = NO;
				MTL_FAST_MATH = YES;
				SDKROOT = iphoneos;
				SWIFT_COMPILATION_MODE = wholemodule;
				SWIFT_OPTIMIZATION_LEVEL = "-O";
				VALIDATE_PRODUCT = YES;
			};
			name = Release;
		};
		7ADFAF7E21E7CFD5004D5F97 /* Debug */ = {
			isa = XCBuildConfiguration;
			buildSettings = {
				ASSETCATALOG_COMPILER_APPICON_NAME = AppIcon;
				CODE_SIGN_STYLE = Automatic;
				INFOPLIST_FILE = "$(SRCROOT)/GlobalImpact/Resources/Info.plist";
				LD_RUNPATH_SEARCH_PATHS = (
					"$(inherited)",
					"@executable_path/Frameworks",
				);
				PRODUCT_BUNDLE_IDENTIFIER = CTEC.GlobalImpact;
				PRODUCT_NAME = "$(TARGET_NAME)";
				SWIFT_VERSION = 4.2;
				TARGETED_DEVICE_FAMILY = "1,2";
			};
			name = Debug;
		};
		7ADFAF7F21E7CFD5004D5F97 /* Release */ = {
			isa = XCBuildConfiguration;
			buildSettings = {
				ASSETCATALOG_COMPILER_APPICON_NAME = AppIcon;
				CODE_SIGN_STYLE = Automatic;
				INFOPLIST_FILE = "$(SRCROOT)/GlobalImpact/Resources/Info.plist";
				LD_RUNPATH_SEARCH_PATHS = (
					"$(inherited)",
					"@executable_path/Frameworks",
				);
				PRODUCT_BUNDLE_IDENTIFIER = CTEC.GlobalImpact;
				PRODUCT_NAME = "$(TARGET_NAME)";
				SWIFT_VERSION = 4.2;
				TARGETED_DEVICE_FAMILY = "1,2";
			};
			name = Release;
		};
/* End XCBuildConfiguration section */

/* Begin XCConfigurationList section */
		7ADFAF6621E7CFD0004D5F97 /* Build configuration list for PBXProject "GlobalImpact" */ = {
			isa = XCConfigurationList;
			buildConfigurations = (
				7ADFAF7B21E7CFD5004D5F97 /* Debug */,
				7ADFAF7C21E7CFD5004D5F97 /* Release */,
			);
			defaultConfigurationIsVisible = 0;
			defaultConfigurationName = Release;
		};
		7ADFAF7D21E7CFD5004D5F97 /* Build configuration list for PBXNativeTarget "GlobalImpact" */ = {
			isa = XCConfigurationList;
			buildConfigurations = (
				7ADFAF7E21E7CFD5004D5F97 /* Debug */,
				7ADFAF7F21E7CFD5004D5F97 /* Release */,
			);
			defaultConfigurationIsVisible = 0;
			defaultConfigurationName = Release;
		};
/* End XCConfigurationList section */
	};
	rootObject = 7ADFAF6321E7CFD0004D5F97 /* Project object */;
}
